schema: '2.0'
stages:
  train:
    cmd: python src/train.py ./data/ ./models/model.pkl
    deps:
    - path: ./data/train.pkl
      md5: aded63c3d28a53d952ebad6d207b00dd
      size: 1198746
    - path: ./src/train.py
      md5: f862f0a4b010759b408fd40408ba0f43
      size: 969
    params:
      params.yaml:
        train.min_split: 26
        train.n_est: 397
        train.seed: 20210428
    outs:
    - path: ./models/model.pkl
      md5: acf2eb6352d7c04e4b846547786bad97
      size: 3304688763
  evaluate:
    cmd: python src/evaluate.py ./models/model.pkl ./data scores.json prc.json roc.json
    deps:
    - path: ./data
      md5: e73645388d19a5353b061d82c3e8bd2c.dir
      size: 2887035
      nfiles: 9
    - path: ./models/model.pkl
      md5: acf2eb6352d7c04e4b846547786bad97
      size: 3304688763
    - path: src/evaluate.py
      md5: b0ef2a1194fd1168106510ab1fc228f4
      size: 1838
    outs:
    - path: prc.json
      md5: 9b0968169ff3192f71096d7766047952
      size: 134561
    - path: roc.json
      md5: bcba2e3d7739cad9af4f35d8062cd482
      size: 320144
    - path: scores.json
      md5: 57c243075b45aacc59a249e564f49def
      size: 73
