schema: '2.0'
stages:
  train:
    cmd: python src/train.py ./data/ model.pkl
    deps:
    - path: ./data/train.pkl
      md5: aded63c3d28a53d952ebad6d207b00dd
      size: 1198746
    - path: ./src/train.py
      md5: bdc3fe9dc24e35b4bb445ab0d9b2ff80
      size: 968
    params:
      params.yaml:
        train.min_split: 32
        train.n_est: 475
        train.seed: 20210428
    outs:
    - path: model.pkl
      md5: cec94c74272108c597e9643ebd94b88a
      size: 3264516132
  evaluate:
    cmd: python src/evaluate.py model.pkl ./data scores.json prc.json roc.json
    deps:
    - path: ./data
      md5: cb2b4562d77d675a6a2e49ec87219ed9.dir
      size: 6754395
      nfiles: 18
    - path: model.pkl
      md5: cec94c74272108c597e9643ebd94b88a
      size: 3264516132
    - path: src/evaluate.py
      md5: c69bddf8ce4ddbdee73e9e9f91095e85
      size: 1843
    outs:
    - path: prc.json
      md5: fa2f1755489bcd4df3288f93402266fe
      size: 134673
    - path: roc.json
      md5: e7dd09e28da49ffbc6853e800553ec82
      size: 389876
    - path: scores.json
      md5: e8693f419bbf725635937dbf40da2384
      size: 73
